
Microsoft Visual Studio Solution File, Format Version 12.00
# Visual Studio 15
VisualStudioVersion = 15.0.27004.2005
MinimumVisualStudioVersion = 10.0.40219.1
Project("{FAE04EC0-301F-11D3-BF4B-00C04F79EFBC}") = "UzunAlgorithmLib", "UzunAlgorithmLib\UzunAlgorithmLib.csproj", "{E8CE080A-9518-499E-BF6B-A025DBF4FDB6}"
EndProject
Project("{FAE04EC0-301F-11D3-BF4B-00C04F79EFBC}") = "ESMAJ", "ESMAJ\ESMAJ.csproj", "{FB72BDB2-138F-4794-B6B3-BBD209C00F0D}"
EndProject
Global
	GlobalSection(SolutionConfigurationPlatforms) = preSolution
		Debug|Any CPU = Debug|Any CPU
		Release|Any CPU = Release|Any CPU
	EndGlobalSection
	GlobalSection(ProjectConfigurationPlatforms) = postSolution
		{E8CE080A-9518-499E-BF6B-A025DBF4FDB6}.Debug|Any CPU.ActiveCfg = Debug|Any CPU
		{E8CE080A-9518-499E-BF6B-A025DBF4FDB6}.Debug|Any CPU.Build.0 = Debug|Any CPU
		{E8CE080A-9518-499E-BF6B-A025DBF4FDB6}.Release|Any CPU.ActiveCfg = Release|Any CPU
		{E8CE080A-9518-499E-BF6B-A025DBF4FDB6}.Release|Any CPU.Build.0 = Release|Any CPU
		{FB72BDB2-138F-4794-B6B3-BBD209C00F0D}.Debug|Any CPU.ActiveCfg = Debug|Any CPU
		{FB72BDB2-138F-4794-B6B3-BBD209C00F0D}.Debug|Any CPU.Build.0 = Debug|Any CPU
		{FB72BDB2-138F-4794-B6B3-BBD209C00F0D}.Release|Any CPU.ActiveCfg = Release|Any CPU
		{FB72BDB2-138F-4794-B6B3-BBD209C00F0D}.Release|Any CPU.Build.0 = Release|Any CPU
	EndGlobalSection
	GlobalSection(SolutionProperties) = preSolution
		HideSolutionNode = FALSE
	EndGlobalSection
	GlobalSection(ExtensibilityGlobals) = postSolution
		SolutionGuid = {C1E460AC-62B5-4149-92D3-98DC49F3536E}
	EndGlobalSection
EndGlobal
